{
  "nodes": {
    "chisel-nix": {
      "inputs": {
        "mill-ivy-fetcher": "mill-ivy-fetcher"
      },
      "locked": {
        "lastModified": 1741628211,
        "narHash": "sha256-DBPgfIDXfKk+TjtVjvkV/N2pVWSah38xjJp6M71EPC0=",
        "owner": "chipsalliance",
        "repo": "chisel-nix",
        "rev": "6119fe6835dbf3d39796c5e0809ac94509bf4c93",
        "type": "github"
      },
      "original": {
        "owner": "chipsalliance",
        "ref": "new-mill-flow",
        "repo": "chisel-nix",
        "type": "github"
      }
    },
    "circt-follow": {
      "inputs": {
        "chisel-nix": "chisel-nix",
        "flake-utils": "flake-utils_2",
        "nixpkgs": "nixpkgs_2",
        "nixpkgs4circt": "nixpkgs4circt"
      },
      "locked": {
        "lastModified": 1746608461,
        "narHash": "sha256-x0pseEM1KYe8GJ4ZSk2Zla0JXAYj4mNQjnkW9yeYAeI=",
        "owner": "sequencer",
        "repo": "zaozi",
        "rev": "dce57eca2cdd815ddc65f5e3f554d842a43e7186",
        "type": "github"
      },
      "original": {
        "owner": "sequencer",
        "repo": "zaozi",
        "type": "github"
      }
    },
    "flake-parts": {
      "inputs": {
        "nixpkgs-lib": "nixpkgs-lib"
      },
      "locked": {
        "lastModified": 1743550720,
        "narHash": "sha256-hIshGgKZCgWh6AYJpJmRgFdR3WUbkY04o82X05xqQiY=",
        "owner": "hercules-ci",
        "repo": "flake-parts",
        "rev": "c621e8422220273271f52058f618c94e405bb0f5",
        "type": "github"
      },
      "original": {
        "owner": "hercules-ci",
        "repo": "flake-parts",
        "type": "github"
      }
    },
    "flake-parts_2": {
      "inputs": {
        "nixpkgs-lib": [
          "mill-ivy-fetcher",
          "nixpkgs"
        ]
      },
      "locked": {
        "lastModified": 1743550720,
        "narHash": "sha256-hIshGgKZCgWh6AYJpJmRgFdR3WUbkY04o82X05xqQiY=",
        "owner": "hercules-ci",
        "repo": "flake-parts",
        "rev": "c621e8422220273271f52058f618c94e405bb0f5",
        "type": "github"
      },
      "original": {
        "owner": "hercules-ci",
        "repo": "flake-parts",
        "type": "github"
      }
    },
    "flake-utils": {
      "inputs": {
        "systems": "systems"
      },
      "locked": {
        "lastModified": 1731533236,
        "narHash": "sha256-l0KFg5HjrsfsO/JpG+r7fRrqm12kzFHyUHqHCVpMMbI=",
        "owner": "numtide",
        "repo": "flake-utils",
        "rev": "11707dc2f618dd54ca8739b309ec4fc024de578b",
        "type": "github"
      },
      "original": {
        "owner": "numtide",
        "repo": "flake-utils",
        "type": "github"
      }
    },
    "flake-utils_2": {
      "inputs": {
        "systems": "systems_2"
      },
      "locked": {
        "lastModified": 1731533236,
        "narHash": "sha256-l0KFg5HjrsfsO/JpG+r7fRrqm12kzFHyUHqHCVpMMbI=",
        "owner": "numtide",
        "repo": "flake-utils",
        "rev": "11707dc2f618dd54ca8739b309ec4fc024de578b",
        "type": "github"
      },
      "original": {
        "owner": "numtide",
        "repo": "flake-utils",
        "type": "github"
      }
    },
    "mill-ivy-fetcher": {
      "inputs": {
        "flake-utils": "flake-utils",
        "nixpkgs": "nixpkgs"
      },
      "locked": {
        "lastModified": 1741628130,
        "narHash": "sha256-82/zYZC8jL5dTdCJPgHEbDZyQBV1AOuhkgB6dICEzm8=",
        "owner": "Avimitin",
        "repo": "mill-ivy-fetcher",
        "rev": "84d171be31d478527740c926c00dbdd84af32416",
        "type": "github"
      },
      "original": {
        "owner": "Avimitin",
        "repo": "mill-ivy-fetcher",
        "type": "github"
      }
    },
    "mill-ivy-fetcher_2": {
      "inputs": {
        "flake-parts": "flake-parts_2",
        "nixpkgs": "nixpkgs_3",
        "treefmt-nix": "treefmt-nix"
      },
      "locked": {
        "lastModified": 1744460023,
        "narHash": "sha256-ZxN/5XZqFNlrIKV91ZpegRn+qZ4g8LTC0Ed8lAyyBvY=",
        "owner": "Avimitin",
        "repo": "mill-ivy-fetcher",
        "rev": "c528c50d32ba2375f8a283390bcdb4c626140a1a",
        "type": "github"
      },
      "original": {
        "owner": "Avimitin",
        "repo": "mill-ivy-fetcher",
        "type": "github"
      }
    },
    "nixpkgs": {
      "locked": {
        "lastModified": 1741379970,
        "narHash": "sha256-Wh7esNh7G24qYleLvgOSY/7HlDUzWaL/n4qzlBePpiw=",
        "owner": "NixOS",
        "repo": "nixpkgs",
        "rev": "36fd87baa9083f34f7f5027900b62ee6d09b1f2f",
        "type": "github"
      },
      "original": {
        "owner": "NixOS",
        "ref": "nixos-unstable",
        "repo": "nixpkgs",
        "type": "github"
      }
    },
    "nixpkgs-lib": {
      "locked": {
        "lastModified": 1743296961,
        "narHash": "sha256-b1EdN3cULCqtorQ4QeWgLMrd5ZGOjLSLemfa00heasc=",
        "owner": "nix-community",
        "repo": "nixpkgs.lib",
        "rev": "e4822aea2a6d1cdd36653c134cacfd64c97ff4fa",
        "type": "github"
      },
      "original": {
        "owner": "nix-community",
        "repo": "nixpkgs.lib",
        "type": "github"
      }
    },
    "nixpkgs4circt": {
      "locked": {
        "lastModified": 1746554066,
        "narHash": "sha256-0Z63BzW9BrNpRcEmhP+wsb5CPQR0TiHy7UrQ0eb+DU0=",
        "owner": "NixOS",
        "repo": "nixpkgs",
        "rev": "e7072d135f40c89bbb37fc5316dd9723967ee06a",
        "type": "github"
      },
      "original": {
        "owner": "NixOS",
        "ref": "nixos-unstable-small",
        "repo": "nixpkgs",
        "type": "github"
      }
    },
    "nixpkgs_2": {
      "locked": {
        "lastModified": 1742095305,
        "narHash": "sha256-L8qjRx4MbX/juwbo8+4qYbqQy0MFUzUJLV5o8oujvaA=",
        "owner": "NixOS",
        "repo": "nixpkgs",
        "rev": "f985965fff9d4e5df55df0489ef113d09a6ee08d",
        "type": "github"
      },
      "original": {
        "owner": "NixOS",
        "ref": "nixos-unstable-small",
        "repo": "nixpkgs",
        "type": "github"
      }
    },
    "nixpkgs_3": {
      "locked": {
        "lastModified": 1744316434,
        "narHash": "sha256-lzFCg/1C39pyY2hMB2gcuHV79ozpOz/Vu15hdjiFOfI=",
        "owner": "nixos",
        "repo": "nixpkgs",
        "rev": "d19cf9dfc633816a437204555afeb9e722386b76",
        "type": "github"
      },
      "original": {
        "owner": "nixos",
        "ref": "nixpkgs-unstable",
        "repo": "nixpkgs",
        "type": "github"
      }
    },
    "nixpkgs_4": {
      "locked": {
        "lastModified": 1744463964,
        "narHash": "sha256-LWqduOgLHCFxiTNYi3Uj5Lgz0SR+Xhw3kr/3Xd0GPTM=",
        "owner": "NixOS",
        "repo": "nixpkgs",
        "rev": "2631b0b7abcea6e640ce31cd78ea58910d31e650",
        "type": "github"
      },
      "original": {
        "owner": "NixOS",
        "ref": "nixos-unstable",
        "repo": "nixpkgs",
        "type": "github"
      }
    },
    "nixpkgs_5": {
      "locked": {
        "lastModified": 1735554305,
        "narHash": "sha256-zExSA1i/b+1NMRhGGLtNfFGXgLtgo+dcuzHzaWA6w3Q=",
        "owner": "nixos",
        "repo": "nixpkgs",
        "rev": "0e82ab234249d8eee3e8c91437802b32c74bb3fd",
        "type": "github"
      },
      "original": {
        "owner": "nixos",
        "ref": "nixpkgs-unstable",
        "repo": "nixpkgs",
        "type": "github"
      }
    },
    "root": {
      "inputs": {
        "circt-follow": "circt-follow",
        "flake-parts": "flake-parts",
        "mill-ivy-fetcher": "mill-ivy-fetcher_2",
        "nixpkgs": "nixpkgs_4",
        "treefmt-nix": "treefmt-nix_2"
      }
    },
    "systems": {
      "locked": {
        "lastModified": 1681028828,
        "narHash": "sha256-Vy1rq5AaRuLzOxct8nz4T6wlgyUR7zLU309k9mBC768=",
        "owner": "nix-systems",
        "repo": "default",
        "rev": "da67096a3b9bf56a91d16901293e51ba5b49a27e",
        "type": "github"
      },
      "original": {
        "owner": "nix-systems",
        "repo": "default",
        "type": "github"
      }
    },
    "systems_2": {
      "locked": {
        "lastModified": 1681028828,
        "narHash": "sha256-Vy1rq5AaRuLzOxct8nz4T6wlgyUR7zLU309k9mBC768=",
        "owner": "nix-systems",
        "repo": "default",
        "rev": "da67096a3b9bf56a91d16901293e51ba5b49a27e",
        "type": "github"
      },
      "original": {
        "owner": "nix-systems",
        "repo": "default",
        "type": "github"
      }
    },
    "treefmt-nix": {
      "inputs": {
        "nixpkgs": [
          "mill-ivy-fetcher",
          "nixpkgs"
        ]
      },
      "locked": {
        "lastModified": 1743748085,
        "narHash": "sha256-uhjnlaVTWo5iD3LXics1rp9gaKgDRQj6660+gbUU3cE=",
        "owner": "numtide",
        "repo": "treefmt-nix",
        "rev": "815e4121d6a5d504c0f96e5be2dd7f871e4fd99d",
        "type": "github"
      },
      "original": {
        "owner": "numtide",
        "repo": "treefmt-nix",
        "type": "github"
      }
    },
    "treefmt-nix_2": {
      "inputs": {
        "nixpkgs": "nixpkgs_5"
      },
      "locked": {
        "lastModified": 1743748085,
        "narHash": "sha256-uhjnlaVTWo5iD3LXics1rp9gaKgDRQj6660+gbUU3cE=",
        "owner": "numtide",
        "repo": "treefmt-nix",
        "rev": "815e4121d6a5d504c0f96e5be2dd7f871e4fd99d",
        "type": "github"
      },
      "original": {
        "owner": "numtide",
        "repo": "treefmt-nix",
        "type": "github"
      }
    }
  },
  "root": "root",
  "version": 7
}
